
Microsoft Visual Studio Solution File, Format Version 12.00
# Visual Studio 15
VisualStudioVersion = 15.0.28307.645
MinimumVisualStudioVersion = 10.0.40219.1
Project("{FAE04EC0-301F-11D3-BF4B-00C04F79EFBC}") = "PazzoProject_01", "PazzoProject_01\PazzoProject_01.csproj", "{63D9641C-1C83-4EED-990C-F6739592AA33}"
EndProject
Global
	GlobalSection(SolutionConfigurationPlatforms) = preSolution
		Debug|Any CPU = Debug|Any CPU
		Release|Any CPU = Release|Any CPU
	EndGlobalSection
	GlobalSection(ProjectConfigurationPlatforms) = postSolution
		{63D9641C-1C83-4EED-990C-F6739592AA33}.Debug|Any CPU.ActiveCfg = Debug|Any CPU
		{63D9641C-1C83-4EED-990C-F6739592AA33}.Debug|Any CPU.Build.0 = Debug|Any CPU
		{63D9641C-1C83-4EED-990C-F6739592AA33}.Release|Any CPU.ActiveCfg = Release|Any CPU
		{63D9641C-1C83-4EED-990C-F6739592AA33}.Release|Any CPU.Build.0 = Release|Any CPU
	EndGlobalSection
	GlobalSection(SolutionProperties) = preSolution
		HideSolutionNode = FALSE
	EndGlobalSection
	GlobalSection(ExtensibilityGlobals) = postSolution
		SolutionGuid = {11F902F4-FE04-4EA7-8203-0153FF234252}
	EndGlobalSection
EndGlobal
